// !$*UTF8*$!
{
	archiveVersion = 1;
	classes = {
	};
	objectVersion = 55;
	objects = {

/* Begin PBXBuildFile section */
		03954BEF57FE556CC701853A /* Pods_PhotoEmotion_PhotoEmotionUITests.framework in Frameworks */ = {isa = PBXBuildFile; fileRef = C42E3B06369AB449236F0D65 /* Pods_PhotoEmotion_PhotoEmotionUITests.framework */; };
		24A60924D70245CF61E424DF /* Pods_PhotoEmotion.framework in Frameworks */ = {isa = PBXBuildFile; fileRef = 0558188B69C1DCE6BB358670 /* Pods_PhotoEmotion.framework */; };
		25CE5195AC52A82258F6974F /* Pods_PhotoEmotionTests.framework in Frameworks */ = {isa = PBXBuildFile; fileRef = 38D7844D7C43790C2780BA69 /* Pods_PhotoEmotionTests.framework */; };
		E4F9D38F283CC66E00759465 /* AppDelegate.swift in Sources */ = {isa = PBXBuildFile; fileRef = E4F9D38E283CC66E00759465 /* AppDelegate.swift */; };
		E4F9D391283CC66E00759465 /* SceneDelegate.swift in Sources */ = {isa = PBXBuildFile; fileRef = E4F9D390283CC66E00759465 /* SceneDelegate.swift */; };
		E4F9D393283CC66E00759465 /* MainViewController.swift in Sources */ = {isa = PBXBuildFile; fileRef = E4F9D392283CC66E00759465 /* MainViewController.swift */; };
		E4F9D396283CC66E00759465 /* Main.storyboard in Resources */ = {isa = PBXBuildFile; fileRef = E4F9D394283CC66E00759465 /* Main.storyboard */; };
		E4F9D398283CC66F00759465 /* Assets.xcassets in Resources */ = {isa = PBXBuildFile; fileRef = E4F9D397283CC66F00759465 /* Assets.xcassets */; };
		E4F9D39B283CC66F00759465 /* LaunchScreen.storyboard in Resources */ = {isa = PBXBuildFile; fileRef = E4F9D399283CC66F00759465 /* LaunchScreen.storyboard */; };
		E4F9D3A6283CC66F00759465 /* PhotoEmotionTests.swift in Sources */ = {isa = PBXBuildFile; fileRef = E4F9D3A5283CC66F00759465 /* PhotoEmotionTests.swift */; };
		E4F9D3B0283CC66F00759465 /* PhotoEmotionUITests.swift in Sources */ = {isa = PBXBuildFile; fileRef = E4F9D3AF283CC66F00759465 /* PhotoEmotionUITests.swift */; };
		E4F9D3B2283CC66F00759465 /* PhotoEmotionUITestsLaunchTests.swift in Sources */ = {isa = PBXBuildFile; fileRef = E4F9D3B1283CC66F00759465 /* PhotoEmotionUITestsLaunchTests.swift */; };
		E4F9D3CF283DB3D600759465 /* EmotionTitleHeaderTableViewCell.swift in Sources */ = {isa = PBXBuildFile; fileRef = E4F9D3CD283DB3D600759465 /* EmotionTitleHeaderTableViewCell.swift */; };
		E4F9D3D0283DB3D600759465 /* EmotionTitleHeaderTableViewCell.xib in Resources */ = {isa = PBXBuildFile; fileRef = E4F9D3CE283DB3D600759465 /* EmotionTitleHeaderTableViewCell.xib */; };
		E4F9D3D3283DB41600759465 /* EmotionContentTableViewCell.swift in Sources */ = {isa = PBXBuildFile; fileRef = E4F9D3D1283DB41600759465 /* EmotionContentTableViewCell.swift */; };
		E4F9D3D4283DB41600759465 /* EmotionContentTableViewCell.xib in Resources */ = {isa = PBXBuildFile; fileRef = E4F9D3D2283DB41600759465 /* EmotionContentTableViewCell.xib */; };
		E4F9D3D7283E6E2D00759465 /* PhotoCollectionViewCell.swift in Sources */ = {isa = PBXBuildFile; fileRef = E4F9D3D5283E6E2D00759465 /* PhotoCollectionViewCell.swift */; };
		E4F9D3D8283E6E2D00759465 /* PhotoCollectionViewCell.xib in Resources */ = {isa = PBXBuildFile; fileRef = E4F9D3D6283E6E2D00759465 /* PhotoCollectionViewCell.xib */; };
		E4F9D3DA283E6F0000759465 /* R.generated.swift in Sources */ = {isa = PBXBuildFile; fileRef = E4F9D3D9283E6F0000759465 /* R.generated.swift */; };
		E4F9D3DC283E7EE100759465 /* MainViewModel.swift in Sources */ = {isa = PBXBuildFile; fileRef = E4F9D3DB283E7EE100759465 /* MainViewModel.swift */; };
		E4F9D3DE283E7FE900759465 /* ListViewController.swift in Sources */ = {isa = PBXBuildFile; fileRef = E4F9D3DD283E7FE900759465 /* ListViewController.swift */; };
		E4F9D3E0283E805100759465 /* ListViewController.storyboard in Resources */ = {isa = PBXBuildFile; fileRef = E4F9D3DF283E805100759465 /* ListViewController.storyboard */; };
		E4F9D3E2283E89BE00759465 /* EmotionType.swift in Sources */ = {isa = PBXBuildFile; fileRef = E4F9D3E1283E89BE00759465 /* EmotionType.swift */; };
		E4F9D3E4283E8AEC00759465 /* Screen.swift in Sources */ = {isa = PBXBuildFile; fileRef = E4F9D3E3283E8AEC00759465 /* Screen.swift */; };
		E4F9D3E8283F083F00759465 /* PhotoItem.swift in Sources */ = {isa = PBXBuildFile; fileRef = E4F9D3E7283F083F00759465 /* PhotoItem.swift */; };
		E4F9D3EA283F0D5000759465 /* EmotionListContents.swift in Sources */ = {isa = PBXBuildFile; fileRef = E4F9D3E9283F0D5000759465 /* EmotionListContents.swift */; };
		E4F9D3EC283F1D8D00759465 /* UIViewController+Rx.swift in Sources */ = {isa = PBXBuildFile; fileRef = E4F9D3EB283F1D8D00759465 /* UIViewController+Rx.swift */; };
		E4F9D3EE283F29CB00759465 /* UIViewController+Router.swift in Sources */ = {isa = PBXBuildFile; fileRef = E4F9D3ED283F29CB00759465 /* UIViewController+Router.swift */; };
		E4F9D3F0283F2C0E00759465 /* UIAleartController+Additon.swift in Sources */ = {isa = PBXBuildFile; fileRef = E4F9D3EF283F2C0E00759465 /* UIAleartController+Additon.swift */; };
		E4F9D3F2283F2C5F00759465 /* UINavigationController+Router.swift in Sources */ = {isa = PBXBuildFile; fileRef = E4F9D3F1283F2C5F00759465 /* UINavigationController+Router.swift */; };
		E4F9D3F4283F41CB00759465 /* ListViewModel.swift in Sources */ = {isa = PBXBuildFile; fileRef = E4F9D3F3283F41CB00759465 /* ListViewModel.swift */; };
/* End PBXBuildFile section */

/* Begin PBXContainerItemProxy section */
		E4F9D3A2283CC66F00759465 /* PBXContainerItemProxy */ = {
			isa = PBXContainerItemProxy;
			containerPortal = E4F9D383283CC66E00759465 /* Project object */;
			proxyType = 1;
			remoteGlobalIDString = E4F9D38A283CC66E00759465;
			remoteInfo = PhotoEmotion;
		};
		E4F9D3AC283CC66F00759465 /* PBXContainerItemProxy */ = {
			isa = PBXContainerItemProxy;
			containerPortal = E4F9D383283CC66E00759465 /* Project object */;
			proxyType = 1;
			remoteGlobalIDString = E4F9D38A283CC66E00759465;
			remoteInfo = PhotoEmotion;
		};
/* End PBXContainerItemProxy section */

/* Begin PBXFileReference section */
		0558188B69C1DCE6BB358670 /* Pods_PhotoEmotion.framework */ = {isa = PBXFileReference; explicitFileType = wrapper.framework; includeInIndex = 0; path = Pods_PhotoEmotion.framework; sourceTree = BUILT_PRODUCTS_DIR; };
		0B3EA45D7CD8C075291BF9BA /* Pods-PhotoEmotion-PhotoEmotionUITests.release.xcconfig */ = {isa = PBXFileReference; includeInIndex = 1; lastKnownFileType = text.xcconfig; name = "Pods-PhotoEmotion-PhotoEmotionUITests.release.xcconfig"; path = "Target Support Files/Pods-PhotoEmotion-PhotoEmotionUITests/Pods-PhotoEmotion-PhotoEmotionUITests.release.xcconfig"; sourceTree = "<group>"; };
		38D7844D7C43790C2780BA69 /* Pods_PhotoEmotionTests.framework */ = {isa = PBXFileReference; explicitFileType = wrapper.framework; includeInIndex = 0; path = Pods_PhotoEmotionTests.framework; sourceTree = BUILT_PRODUCTS_DIR; };
		3F6107EABCA367877F271545 /* Pods-PhotoEmotionTests.debug.xcconfig */ = {isa = PBXFileReference; includeInIndex = 1; lastKnownFileType = text.xcconfig; name = "Pods-PhotoEmotionTests.debug.xcconfig"; path = "Target Support Files/Pods-PhotoEmotionTests/Pods-PhotoEmotionTests.debug.xcconfig"; sourceTree = "<group>"; };
		490DBA5C5FD6854DDADE8832 /* Pods-PhotoEmotionTests.release.xcconfig */ = {isa = PBXFileReference; includeInIndex = 1; lastKnownFileType = text.xcconfig; name = "Pods-PhotoEmotionTests.release.xcconfig"; path = "Target Support Files/Pods-PhotoEmotionTests/Pods-PhotoEmotionTests.release.xcconfig"; sourceTree = "<group>"; };
		890417B34C86A8B7CD125F7B /* Pods-PhotoEmotion.release.xcconfig */ = {isa = PBXFileReference; includeInIndex = 1; lastKnownFileType = text.xcconfig; name = "Pods-PhotoEmotion.release.xcconfig"; path = "Target Support Files/Pods-PhotoEmotion/Pods-PhotoEmotion.release.xcconfig"; sourceTree = "<group>"; };
		8C5E05517C3ED4B43A9D1B68 /* Pods-PhotoEmotion-PhotoEmotionUITests.debug.xcconfig */ = {isa = PBXFileReference; includeInIndex = 1; lastKnownFileType = text.xcconfig; name = "Pods-PhotoEmotion-PhotoEmotionUITests.debug.xcconfig"; path = "Target Support Files/Pods-PhotoEmotion-PhotoEmotionUITests/Pods-PhotoEmotion-PhotoEmotionUITests.debug.xcconfig"; sourceTree = "<group>"; };
		A86985DF495612B13109C0AD /* Pods-PhotoEmotion.debug.xcconfig */ = {isa = PBXFileReference; includeInIndex = 1; lastKnownFileType = text.xcconfig; name = "Pods-PhotoEmotion.debug.xcconfig"; path = "Target Support Files/Pods-PhotoEmotion/Pods-PhotoEmotion.debug.xcconfig"; sourceTree = "<group>"; };
		C42E3B06369AB449236F0D65 /* Pods_PhotoEmotion_PhotoEmotionUITests.framework */ = {isa = PBXFileReference; explicitFileType = wrapper.framework; includeInIndex = 0; path = Pods_PhotoEmotion_PhotoEmotionUITests.framework; sourceTree = BUILT_PRODUCTS_DIR; };
		E4F9D38B283CC66E00759465 /* PhotoEmotion.app */ = {isa = PBXFileReference; explicitFileType = wrapper.application; includeInIndex = 0; path = PhotoEmotion.app; sourceTree = BUILT_PRODUCTS_DIR; };
		E4F9D38E283CC66E00759465 /* AppDelegate.swift */ = {isa = PBXFileReference; lastKnownFileType = sourcecode.swift; path = AppDelegate.swift; sourceTree = "<group>"; };
		E4F9D390283CC66E00759465 /* SceneDelegate.swift */ = {isa = PBXFileReference; lastKnownFileType = sourcecode.swift; path = SceneDelegate.swift; sourceTree = "<group>"; };
		E4F9D392283CC66E00759465 /* MainViewController.swift */ = {isa = PBXFileReference; lastKnownFileType = sourcecode.swift; path = MainViewController.swift; sourceTree = "<group>"; };
		E4F9D395283CC66E00759465 /* Base */ = {isa = PBXFileReference; lastKnownFileType = file.storyboard; name = Base; path = Base.lproj/Main.storyboard; sourceTree = "<group>"; };
		E4F9D397283CC66F00759465 /* Assets.xcassets */ = {isa = PBXFileReference; lastKnownFileType = folder.assetcatalog; path = Assets.xcassets; sourceTree = "<group>"; };
		E4F9D39A283CC66F00759465 /* Base */ = {isa = PBXFileReference; lastKnownFileType = file.storyboard; name = Base; path = Base.lproj/LaunchScreen.storyboard; sourceTree = "<group>"; };
		E4F9D39C283CC66F00759465 /* Info.plist */ = {isa = PBXFileReference; lastKnownFileType = text.plist.xml; path = Info.plist; sourceTree = "<group>"; };
		E4F9D3A1283CC66F00759465 /* PhotoEmotionTests.xctest */ = {isa = PBXFileReference; explicitFileType = wrapper.cfbundle; includeInIndex = 0; path = PhotoEmotionTests.xctest; sourceTree = BUILT_PRODUCTS_DIR; };
		E4F9D3A5283CC66F00759465 /* PhotoEmotionTests.swift */ = {isa = PBXFileReference; lastKnownFileType = sourcecode.swift; path = PhotoEmotionTests.swift; sourceTree = "<group>"; };
		E4F9D3AB283CC66F00759465 /* PhotoEmotionUITests.xctest */ = {isa = PBXFileReference; explicitFileType = wrapper.cfbundle; includeInIndex = 0; path = PhotoEmotionUITests.xctest; sourceTree = BUILT_PRODUCTS_DIR; };
		E4F9D3AF283CC66F00759465 /* PhotoEmotionUITests.swift */ = {isa = PBXFileReference; lastKnownFileType = sourcecode.swift; path = PhotoEmotionUITests.swift; sourceTree = "<group>"; };
		E4F9D3B1283CC66F00759465 /* PhotoEmotionUITestsLaunchTests.swift */ = {isa = PBXFileReference; lastKnownFileType = sourcecode.swift; path = PhotoEmotionUITestsLaunchTests.swift; sourceTree = "<group>"; };
		E4F9D3CD283DB3D600759465 /* EmotionTitleHeaderTableViewCell.swift */ = {isa = PBXFileReference; lastKnownFileType = sourcecode.swift; path = EmotionTitleHeaderTableViewCell.swift; sourceTree = "<group>"; };
		E4F9D3CE283DB3D600759465 /* EmotionTitleHeaderTableViewCell.xib */ = {isa = PBXFileReference; lastKnownFileType = file.xib; path = EmotionTitleHeaderTableViewCell.xib; sourceTree = "<group>"; };
		E4F9D3D1283DB41600759465 /* EmotionContentTableViewCell.swift */ = {isa = PBXFileReference; lastKnownFileType = sourcecode.swift; path = EmotionContentTableViewCell.swift; sourceTree = "<group>"; };
		E4F9D3D2283DB41600759465 /* EmotionContentTableViewCell.xib */ = {isa = PBXFileReference; lastKnownFileType = file.xib; path = EmotionContentTableViewCell.xib; sourceTree = "<group>"; };
		E4F9D3D5283E6E2D00759465 /* PhotoCollectionViewCell.swift */ = {isa = PBXFileReference; lastKnownFileType = sourcecode.swift; path = PhotoCollectionViewCell.swift; sourceTree = "<group>"; };
		E4F9D3D6283E6E2D00759465 /* PhotoCollectionViewCell.xib */ = {isa = PBXFileReference; lastKnownFileType = file.xib; path = PhotoCollectionViewCell.xib; sourceTree = "<group>"; };
		E4F9D3D9283E6F0000759465 /* R.generated.swift */ = {isa = PBXFileReference; fileEncoding = 4; lastKnownFileType = sourcecode.swift; path = R.generated.swift; sourceTree = SOURCE_ROOT; };
		E4F9D3DB283E7EE100759465 /* MainViewModel.swift */ = {isa = PBXFileReference; lastKnownFileType = sourcecode.swift; path = MainViewModel.swift; sourceTree = "<group>"; };
		E4F9D3DD283E7FE900759465 /* ListViewController.swift */ = {isa = PBXFileReference; lastKnownFileType = sourcecode.swift; path = ListViewController.swift; sourceTree = "<group>"; };
		E4F9D3DF283E805100759465 /* ListViewController.storyboard */ = {isa = PBXFileReference; lastKnownFileType = file.storyboard; path = ListViewController.storyboard; sourceTree = "<group>"; };
		E4F9D3E1283E89BE00759465 /* EmotionType.swift */ = {isa = PBXFileReference; lastKnownFileType = sourcecode.swift; path = EmotionType.swift; sourceTree = "<group>"; };
		E4F9D3E3283E8AEC00759465 /* Screen.swift */ = {isa = PBXFileReference; lastKnownFileType = sourcecode.swift; path = Screen.swift; sourceTree = "<group>"; };
		E4F9D3E7283F083F00759465 /* PhotoItem.swift */ = {isa = PBXFileReference; fileEncoding = 4; lastKnownFileType = sourcecode.swift; path = PhotoItem.swift; sourceTree = "<group>"; };
		E4F9D3E9283F0D5000759465 /* EmotionListContents.swift */ = {isa = PBXFileReference; lastKnownFileType = sourcecode.swift; path = EmotionListContents.swift; sourceTree = "<group>"; };
		E4F9D3EB283F1D8D00759465 /* UIViewController+Rx.swift */ = {isa = PBXFileReference; lastKnownFileType = sourcecode.swift; path = "UIViewController+Rx.swift"; sourceTree = "<group>"; };
		E4F9D3ED283F29CB00759465 /* UIViewController+Router.swift */ = {isa = PBXFileReference; lastKnownFileType = sourcecode.swift; path = "UIViewController+Router.swift"; sourceTree = "<group>"; };
		E4F9D3EF283F2C0E00759465 /* UIAleartController+Additon.swift */ = {isa = PBXFileReference; lastKnownFileType = sourcecode.swift; path = "UIAleartController+Additon.swift"; sourceTree = "<group>"; };
		E4F9D3F1283F2C5F00759465 /* UINavigationController+Router.swift */ = {isa = PBXFileReference; lastKnownFileType = sourcecode.swift; path = "UINavigationController+Router.swift"; sourceTree = "<group>"; };
		E4F9D3F3283F41CB00759465 /* ListViewModel.swift */ = {isa = PBXFileReference; lastKnownFileType = sourcecode.swift; path = ListViewModel.swift; sourceTree = "<group>"; };
/* End PBXFileReference section */

/* Begin PBXFrameworksBuildPhase section */
		E4F9D388283CC66E00759465 /* Frameworks */ = {
			isa = PBXFrameworksBuildPhase;
			buildActionMask = 2147483647;
			files = (
				24A60924D70245CF61E424DF /* Pods_PhotoEmotion.framework in Frameworks */,
			);
			runOnlyForDeploymentPostprocessing = 0;
		};
		E4F9D39E283CC66F00759465 /* Frameworks */ = {
			isa = PBXFrameworksBuildPhase;
			buildActionMask = 2147483647;
			files = (
				25CE5195AC52A82258F6974F /* Pods_PhotoEmotionTests.framework in Frameworks */,
			);
			runOnlyForDeploymentPostprocessing = 0;
		};
		E4F9D3A8283CC66F00759465 /* Frameworks */ = {
			isa = PBXFrameworksBuildPhase;
			buildActionMask = 2147483647;
			files = (
				03954BEF57FE556CC701853A /* Pods_PhotoEmotion_PhotoEmotionUITests.framework in Frameworks */,
			);
			runOnlyForDeploymentPostprocessing = 0;
		};
/* End PBXFrameworksBuildPhase section */

/* Begin PBXGroup section */
		E3F7389F487CBF64D5CF66DF /* Frameworks */ = {
			isa = PBXGroup;
			children = (
				0558188B69C1DCE6BB358670 /* Pods_PhotoEmotion.framework */,
				C42E3B06369AB449236F0D65 /* Pods_PhotoEmotion_PhotoEmotionUITests.framework */,
				38D7844D7C43790C2780BA69 /* Pods_PhotoEmotionTests.framework */,
			);
			name = Frameworks;
			sourceTree = "<group>";
		};
		E4F9D382283CC66E00759465 = {
			isa = PBXGroup;
			children = (
				E4F9D38D283CC66E00759465 /* PhotoEmotion */,
				E4F9D3A4283CC66F00759465 /* PhotoEmotionTests */,
				E4F9D3AE283CC66F00759465 /* PhotoEmotionUITests */,
				E4F9D38C283CC66E00759465 /* Products */,
				E9A55BB777128E72C6596567 /* Pods */,
				E3F7389F487CBF64D5CF66DF /* Frameworks */,
			);
			sourceTree = "<group>";
		};
		E4F9D38C283CC66E00759465 /* Products */ = {
			isa = PBXGroup;
			children = (
				E4F9D38B283CC66E00759465 /* PhotoEmotion.app */,
				E4F9D3A1283CC66F00759465 /* PhotoEmotionTests.xctest */,
				E4F9D3AB283CC66F00759465 /* PhotoEmotionUITests.xctest */,
			);
			name = Products;
			sourceTree = "<group>";
		};
		E4F9D38D283CC66E00759465 /* PhotoEmotion */ = {
			isa = PBXGroup;
			children = (
				E4F9D39C283CC66F00759465 /* Info.plist */,
				E4F9D3CC283CD3E800759465 /* Util */,
				E4F9D3CB283CD3C800759465 /* Protocol */,
				E4F9D3CA283CD3BF00759465 /* Struct */,
				E4F9D3C9283CD3B300759465 /* Network */,
				E4F9D3C8283CD3A900759465 /* Entity */,
				E4F9D3C7283CD34300759465 /* AppDelegate */,
				E4F9D3C6283CD30400759465 /* Extension */,
				E4F9D3C3283CD2C800759465 /* Resource */,
				E4F9D3C2283CD2B500759465 /* Enum */,
				E4F9D3C1283CD2A100759465 /* Views */,
				E4F9D3C0283CD28000759465 /* ViewControllers */,
			);
			path = PhotoEmotion;
			sourceTree = "<group>";
		};
		E4F9D3A4283CC66F00759465 /* PhotoEmotionTests */ = {
			isa = PBXGroup;
			children = (
				E4F9D3A5283CC66F00759465 /* PhotoEmotionTests.swift */,
			);
			path = PhotoEmotionTests;
			sourceTree = "<group>";
		};
		E4F9D3AE283CC66F00759465 /* PhotoEmotionUITests */ = {
			isa = PBXGroup;
			children = (
				E4F9D3AF283CC66F00759465 /* PhotoEmotionUITests.swift */,
				E4F9D3B1283CC66F00759465 /* PhotoEmotionUITestsLaunchTests.swift */,
			);
			path = PhotoEmotionUITests;
			sourceTree = "<group>";
		};
		E4F9D3C0283CD28000759465 /* ViewControllers */ = {
			isa = PBXGroup;
			children = (
				E4F9D392283CC66E00759465 /* MainViewController.swift */,
				E4F9D3DB283E7EE100759465 /* MainViewModel.swift */,
				E4F9D3DD283E7FE900759465 /* ListViewController.swift */,
				E4F9D3F3283F41CB00759465 /* ListViewModel.swift */,
			);
			path = ViewControllers;
			sourceTree = "<group>";
		};
		E4F9D3C1283CD2A100759465 /* Views */ = {
			isa = PBXGroup;
			children = (
				E4F9D3CD283DB3D600759465 /* EmotionTitleHeaderTableViewCell.swift */,
				E4F9D3D1283DB41600759465 /* EmotionContentTableViewCell.swift */,
				E4F9D3D5283E6E2D00759465 /* PhotoCollectionViewCell.swift */,
			);
			path = Views;
			sourceTree = "<group>";
		};
		E4F9D3C2283CD2B500759465 /* Enum */ = {
			isa = PBXGroup;
			children = (
				E4F9D3E1283E89BE00759465 /* EmotionType.swift */,
				E4F9D3E3283E8AEC00759465 /* Screen.swift */,
			);
			path = Enum;
			sourceTree = "<group>";
		};
		E4F9D3C3283CD2C800759465 /* Resource */ = {
			isa = PBXGroup;
			children = (
				E4F9D3D9283E6F0000759465 /* R.generated.swift */,
				E4F9D397283CC66F00759465 /* Assets.xcassets */,
				E4F9D3C5283CD2F400759465 /* xib */,
				E4F9D3C4283CD2DF00759465 /* Storyboard */,
			);
			path = Resource;
			sourceTree = "<group>";
		};
		E4F9D3C4283CD2DF00759465 /* Storyboard */ = {
			isa = PBXGroup;
			children = (
				E4F9D399283CC66F00759465 /* LaunchScreen.storyboard */,
				E4F9D394283CC66E00759465 /* Main.storyboard */,
				E4F9D3DF283E805100759465 /* ListViewController.storyboard */,
			);
			path = Storyboard;
			sourceTree = "<group>";
		};
		E4F9D3C5283CD2F400759465 /* xib */ = {
			isa = PBXGroup;
			children = (
				E4F9D3CE283DB3D600759465 /* EmotionTitleHeaderTableViewCell.xib */,
				E4F9D3D2283DB41600759465 /* EmotionContentTableViewCell.xib */,
				E4F9D3D6283E6E2D00759465 /* PhotoCollectionViewCell.xib */,
			);
			path = xib;
			sourceTree = "<group>";
		};
		E4F9D3C6283CD30400759465 /* Extension */ = {
			isa = PBXGroup;
			children = (
				E4F9D3EB283F1D8D00759465 /* UIViewController+Rx.swift */,
				E4F9D3ED283F29CB00759465 /* UIViewController+Router.swift */,
				E4F9D3EF283F2C0E00759465 /* UIAleartController+Additon.swift */,
				E4F9D3F1283F2C5F00759465 /* UINavigationController+Router.swift */,
			);
			path = Extension;
			sourceTree = "<group>";
		};
		E4F9D3C7283CD34300759465 /* AppDelegate */ = {
			isa = PBXGroup;
			children = (
				E4F9D38E283CC66E00759465 /* AppDelegate.swift */,
				E4F9D390283CC66E00759465 /* SceneDelegate.swift */,
			);
			path = AppDelegate;
			sourceTree = "<group>";
		};
		E4F9D3C8283CD3A900759465 /* Entity */ = {
			isa = PBXGroup;
			children = (
				E4F9D3E7283F083F00759465 /* PhotoItem.swift */,
			);
			path = Entity;
			sourceTree = "<group>";
		};
		E4F9D3C9283CD3B300759465 /* Network */ = {
			isa = PBXGroup;
			children = (
			);
			path = Network;
			sourceTree = "<group>";
		};
		E4F9D3CA283CD3BF00759465 /* Struct */ = {
			isa = PBXGroup;
			children = (
				E4F9D3E9283F0D5000759465 /* EmotionListContents.swift */,
			);
			path = Struct;
			sourceTree = "<group>";
		};
		E4F9D3CB283CD3C800759465 /* Protocol */ = {
			isa = PBXGroup;
			children = (
			);
			path = Protocol;
			sourceTree = "<group>";
		};
		E4F9D3CC283CD3E800759465 /* Util */ = {
			isa = PBXGroup;
			children = (
			);
			path = Util;
			sourceTree = "<group>";
		};
		E9A55BB777128E72C6596567 /* Pods */ = {
			isa = PBXGroup;
			children = (
				A86985DF495612B13109C0AD /* Pods-PhotoEmotion.debug.xcconfig */,
				890417B34C86A8B7CD125F7B /* Pods-PhotoEmotion.release.xcconfig */,
				8C5E05517C3ED4B43A9D1B68 /* Pods-PhotoEmotion-PhotoEmotionUITests.debug.xcconfig */,
				0B3EA45D7CD8C075291BF9BA /* Pods-PhotoEmotion-PhotoEmotionUITests.release.xcconfig */,
				3F6107EABCA367877F271545 /* Pods-PhotoEmotionTests.debug.xcconfig */,
				490DBA5C5FD6854DDADE8832 /* Pods-PhotoEmotionTests.release.xcconfig */,
			);
			path = Pods;
			sourceTree = "<group>";
		};
/* End PBXGroup section */

/* Begin PBXNativeTarget section */
		E4F9D38A283CC66E00759465 /* PhotoEmotion */ = {
			isa = PBXNativeTarget;
			buildConfigurationList = E4F9D3B5283CC66F00759465 /* Build configuration list for PBXNativeTarget "PhotoEmotion" */;
			buildPhases = (
				830BEEA19A726059C92AE882 /* [CP] Check Pods Manifest.lock */,
				E4F9D3BE283CC85F00759465 /* Run Script - R.swift */,
				E4F9D3BF283CC89C00759465 /* Run Script - SwiftLint */,
				E4F9D387283CC66E00759465 /* Sources */,
				E4F9D388283CC66E00759465 /* Frameworks */,
				E4F9D389283CC66E00759465 /* Resources */,
				74699F928026F91ECAC6135E /* [CP] Embed Pods Frameworks */,
			);
			buildRules = (
			);
			dependencies = (
			);
			name = PhotoEmotion;
			productName = PhotoEmotion;
			productReference = E4F9D38B283CC66E00759465 /* PhotoEmotion.app */;
			productType = "com.apple.product-type.application";
		};
		E4F9D3A0283CC66F00759465 /* PhotoEmotionTests */ = {
			isa = PBXNativeTarget;
			buildConfigurationList = E4F9D3B8283CC66F00759465 /* Build configuration list for PBXNativeTarget "PhotoEmotionTests" */;
			buildPhases = (
				AC37D44E8241DFB9A76395B1 /* [CP] Check Pods Manifest.lock */,
				E4F9D39D283CC66F00759465 /* Sources */,
				E4F9D39E283CC66F00759465 /* Frameworks */,
				E4F9D39F283CC66F00759465 /* Resources */,
				CD6E719B3913A859C6CD1257 /* [CP] Embed Pods Frameworks */,
			);
			buildRules = (
			);
			dependencies = (
				E4F9D3A3283CC66F00759465 /* PBXTargetDependency */,
			);
			name = PhotoEmotionTests;
			productName = PhotoEmotionTests;
			productReference = E4F9D3A1283CC66F00759465 /* PhotoEmotionTests.xctest */;
			productType = "com.apple.product-type.bundle.unit-test";
		};
		E4F9D3AA283CC66F00759465 /* PhotoEmotionUITests */ = {
			isa = PBXNativeTarget;
			buildConfigurationList = E4F9D3BB283CC66F00759465 /* Build configuration list for PBXNativeTarget "PhotoEmotionUITests" */;
			buildPhases = (
				2D9791428E444A11954F08A3 /* [CP] Check Pods Manifest.lock */,
				E4F9D3A7283CC66F00759465 /* Sources */,
				E4F9D3A8283CC66F00759465 /* Frameworks */,
				E4F9D3A9283CC66F00759465 /* Resources */,
				AE84581099F8ABDD9BAC7F3E /* [CP] Embed Pods Frameworks */,
			);
			buildRules = (
			);
			dependencies = (
				E4F9D3AD283CC66F00759465 /* PBXTargetDependency */,
			);
			name = PhotoEmotionUITests;
			productName = PhotoEmotionUITests;
			productReference = E4F9D3AB283CC66F00759465 /* PhotoEmotionUITests.xctest */;
			productType = "com.apple.product-type.bundle.ui-testing";
		};
/* End PBXNativeTarget section */

/* Begin PBXProject section */
		E4F9D383283CC66E00759465 /* Project object */ = {
			isa = PBXProject;
			attributes = {
				BuildIndependentTargetsInParallel = 1;
				LastSwiftUpdateCheck = 1330;
				LastUpgradeCheck = 1330;
				TargetAttributes = {
					E4F9D38A283CC66E00759465 = {
						CreatedOnToolsVersion = 13.3;
					};
					E4F9D3A0283CC66F00759465 = {
						CreatedOnToolsVersion = 13.3;
						TestTargetID = E4F9D38A283CC66E00759465;
					};
					E4F9D3AA283CC66F00759465 = {
						CreatedOnToolsVersion = 13.3;
						TestTargetID = E4F9D38A283CC66E00759465;
					};
				};
			};
			buildConfigurationList = E4F9D386283CC66E00759465 /* Build configuration list for PBXProject "PhotoEmotion" */;
			compatibilityVersion = "Xcode 13.0";
			developmentRegion = en;
			hasScannedForEncodings = 0;
			knownRegions = (
				en,
				Base,
			);
			mainGroup = E4F9D382283CC66E00759465;
			productRefGroup = E4F9D38C283CC66E00759465 /* Products */;
			projectDirPath = "";
			projectRoot = "";
			targets = (
				E4F9D38A283CC66E00759465 /* PhotoEmotion */,
				E4F9D3A0283CC66F00759465 /* PhotoEmotionTests */,
				E4F9D3AA283CC66F00759465 /* PhotoEmotionUITests */,
			);
		};
/* End PBXProject section */

/* Begin PBXResourcesBuildPhase section */
		E4F9D389283CC66E00759465 /* Resources */ = {
			isa = PBXResourcesBuildPhase;
			buildActionMask = 2147483647;
			files = (
				E4F9D39B283CC66F00759465 /* LaunchScreen.storyboard in Resources */,
				E4F9D3D0283DB3D600759465 /* EmotionTitleHeaderTableViewCell.xib in Resources */,
				E4F9D398283CC66F00759465 /* Assets.xcassets in Resources */,
				E4F9D3D8283E6E2D00759465 /* PhotoCollectionViewCell.xib in Resources */,
				E4F9D3E0283E805100759465 /* ListViewController.storyboard in Resources */,
				E4F9D396283CC66E00759465 /* Main.storyboard in Resources */,
				E4F9D3D4283DB41600759465 /* EmotionContentTableViewCell.xib in Resources */,
			);
			runOnlyForDeploymentPostprocessing = 0;
		};
		E4F9D39F283CC66F00759465 /* Resources */ = {
			isa = PBXResourcesBuildPhase;
			buildActionMask = 2147483647;
			files = (
			);
			runOnlyForDeploymentPostprocessing = 0;
		};
		E4F9D3A9283CC66F00759465 /* Resources */ = {
			isa = PBXResourcesBuildPhase;
			buildActionMask = 2147483647;
			files = (
			);
			runOnlyForDeploymentPostprocessing = 0;
		};
/* End PBXResourcesBuildPhase section */

/* Begin PBXShellScriptBuildPhase section */
		2D9791428E444A11954F08A3 /* [CP] Check Pods Manifest.lock */ = {
			isa = PBXShellScriptBuildPhase;
			buildActionMask = 2147483647;
			files = (
			);
			inputFileListPaths = (
			);
			inputPaths = (
				"${PODS_PODFILE_DIR_PATH}/Podfile.lock",
				"${PODS_ROOT}/Manifest.lock",
			);
			name = "[CP] Check Pods Manifest.lock";
			outputFileListPaths = (
			);
			outputPaths = (
				"$(DERIVED_FILE_DIR)/Pods-PhotoEmotion-PhotoEmotionUITests-checkManifestLockResult.txt",
			);
			runOnlyForDeploymentPostprocessing = 0;
			shellPath = /bin/sh;
			shellScript = "diff \"${PODS_PODFILE_DIR_PATH}/Podfile.lock\" \"${PODS_ROOT}/Manifest.lock\" > /dev/null\nif [ $? != 0 ] ; then\n    # print error to STDERR\n    echo \"error: The sandbox is not in sync with the Podfile.lock. Run 'pod install' or update your CocoaPods installation.\" >&2\n    exit 1\nfi\n# This output is used by Xcode 'outputs' to avoid re-running this script phase.\necho \"SUCCESS\" > \"${SCRIPT_OUTPUT_FILE_0}\"\n";
			showEnvVarsInLog = 0;
		};
		74699F928026F91ECAC6135E /* [CP] Embed Pods Frameworks */ = {
			isa = PBXShellScriptBuildPhase;
			buildActionMask = 2147483647;
			files = (
			);
			inputFileListPaths = (
				"${PODS_ROOT}/Target Support Files/Pods-PhotoEmotion/Pods-PhotoEmotion-frameworks-${CONFIGURATION}-input-files.xcfilelist",
			);
			name = "[CP] Embed Pods Frameworks";
			outputFileListPaths = (
				"${PODS_ROOT}/Target Support Files/Pods-PhotoEmotion/Pods-PhotoEmotion-frameworks-${CONFIGURATION}-output-files.xcfilelist",
			);
			runOnlyForDeploymentPostprocessing = 0;
			shellPath = /bin/sh;
			shellScript = "\"${PODS_ROOT}/Target Support Files/Pods-PhotoEmotion/Pods-PhotoEmotion-frameworks.sh\"\n";
			showEnvVarsInLog = 0;
		};
		830BEEA19A726059C92AE882 /* [CP] Check Pods Manifest.lock */ = {
			isa = PBXShellScriptBuildPhase;
			buildActionMask = 2147483647;
			files = (
			);
			inputFileListPaths = (
			);
			inputPaths = (
				"${PODS_PODFILE_DIR_PATH}/Podfile.lock",
				"${PODS_ROOT}/Manifest.lock",
			);
			name = "[CP] Check Pods Manifest.lock";
			outputFileListPaths = (
			);
			outputPaths = (
				"$(DERIVED_FILE_DIR)/Pods-PhotoEmotion-checkManifestLockResult.txt",
			);
			runOnlyForDeploymentPostprocessing = 0;
			shellPath = /bin/sh;
			shellScript = "diff \"${PODS_PODFILE_DIR_PATH}/Podfile.lock\" \"${PODS_ROOT}/Manifest.lock\" > /dev/null\nif [ $? != 0 ] ; then\n    # print error to STDERR\n    echo \"error: The sandbox is not in sync with the Podfile.lock. Run 'pod install' or update your CocoaPods installation.\" >&2\n    exit 1\nfi\n# This output is used by Xcode 'outputs' to avoid re-running this script phase.\necho \"SUCCESS\" > \"${SCRIPT_OUTPUT_FILE_0}\"\n";
			showEnvVarsInLog = 0;
		};
		AC37D44E8241DFB9A76395B1 /* [CP] Check Pods Manifest.lock */ = {
			isa = PBXShellScriptBuildPhase;
			buildActionMask = 2147483647;
			files = (
			);
			inputFileListPaths = (
			);
			inputPaths = (
				"${PODS_PODFILE_DIR_PATH}/Podfile.lock",
				"${PODS_ROOT}/Manifest.lock",
			);
			name = "[CP] Check Pods Manifest.lock";
			outputFileListPaths = (
			);
			outputPaths = (
				"$(DERIVED_FILE_DIR)/Pods-PhotoEmotionTests-checkManifestLockResult.txt",
			);
			runOnlyForDeploymentPostprocessing = 0;
			shellPath = /bin/sh;
			shellScript = "diff \"${PODS_PODFILE_DIR_PATH}/Podfile.lock\" \"${PODS_ROOT}/Manifest.lock\" > /dev/null\nif [ $? != 0 ] ; then\n    # print error to STDERR\n    echo \"error: The sandbox is not in sync with the Podfile.lock. Run 'pod install' or update your CocoaPods installation.\" >&2\n    exit 1\nfi\n# This output is used by Xcode 'outputs' to avoid re-running this script phase.\necho \"SUCCESS\" > \"${SCRIPT_OUTPUT_FILE_0}\"\n";
			showEnvVarsInLog = 0;
		};
		AE84581099F8ABDD9BAC7F3E /* [CP] Embed Pods Frameworks */ = {
			isa = PBXShellScriptBuildPhase;
			buildActionMask = 2147483647;
			files = (
			);
			inputFileListPaths = (
				"${PODS_ROOT}/Target Support Files/Pods-PhotoEmotion-PhotoEmotionUITests/Pods-PhotoEmotion-PhotoEmotionUITests-frameworks-${CONFIGURATION}-input-files.xcfilelist",
			);
			name = "[CP] Embed Pods Frameworks";
			outputFileListPaths = (
				"${PODS_ROOT}/Target Support Files/Pods-PhotoEmotion-PhotoEmotionUITests/Pods-PhotoEmotion-PhotoEmotionUITests-frameworks-${CONFIGURATION}-output-files.xcfilelist",
			);
			runOnlyForDeploymentPostprocessing = 0;
			shellPath = /bin/sh;
			shellScript = "\"${PODS_ROOT}/Target Support Files/Pods-PhotoEmotion-PhotoEmotionUITests/Pods-PhotoEmotion-PhotoEmotionUITests-frameworks.sh\"\n";
			showEnvVarsInLog = 0;
		};
		CD6E719B3913A859C6CD1257 /* [CP] Embed Pods Frameworks */ = {
			isa = PBXShellScriptBuildPhase;
			buildActionMask = 2147483647;
			files = (
			);
			inputFileListPaths = (
				"${PODS_ROOT}/Target Support Files/Pods-PhotoEmotionTests/Pods-PhotoEmotionTests-frameworks-${CONFIGURATION}-input-files.xcfilelist",
			);
			name = "[CP] Embed Pods Frameworks";
			outputFileListPaths = (
				"${PODS_ROOT}/Target Support Files/Pods-PhotoEmotionTests/Pods-PhotoEmotionTests-frameworks-${CONFIGURATION}-output-files.xcfilelist",
			);
			runOnlyForDeploymentPostprocessing = 0;
			shellPath = /bin/sh;
			shellScript = "\"${PODS_ROOT}/Target Support Files/Pods-PhotoEmotionTests/Pods-PhotoEmotionTests-frameworks.sh\"\n";
			showEnvVarsInLog = 0;
		};
		E4F9D3BE283CC85F00759465 /* Run Script - R.swift */ = {
			isa = PBXShellScriptBuildPhase;
			alwaysOutOfDate = 1;
			buildActionMask = 2147483647;
			files = (
			);
			inputFileListPaths = (
			);
			inputPaths = (
			);
			name = "Run Script - R.swift";
			outputFileListPaths = (
			);
			outputPaths = (
			);
			runOnlyForDeploymentPostprocessing = 0;
			shellPath = /bin/sh;
			shellScript = "\"$PODS_ROOT/R.swift/rswift\" generate \"$SRCROOT/R.generated.swift\"\n";
		};
		E4F9D3BF283CC89C00759465 /* Run Script - SwiftLint */ = {
			isa = PBXShellScriptBuildPhase;
			buildActionMask = 2147483647;
			files = (
			);
			inputFileListPaths = (
			);
			inputPaths = (
			);
			name = "Run Script - SwiftLint";
			outputFileListPaths = (
			);
			outputPaths = (
			);
			runOnlyForDeploymentPostprocessing = 0;
			shellPath = /bin/sh;
			shellScript = "if which \"${PODS_ROOT}/SwiftLint/swiftlint\" >/dev/null; then\n${PODS_ROOT}/SwiftLint/swiftlint\nelse\necho \"warning: SwiftLint not installed, download from https://github.com/realm/SwiftLint\"\nfi\n\n";
		};
/* End PBXShellScriptBuildPhase section */

/* Begin PBXSourcesBuildPhase section */
		E4F9D387283CC66E00759465 /* Sources */ = {
			isa = PBXSourcesBuildPhase;
			buildActionMask = 2147483647;
			files = (
				E4F9D3EA283F0D5000759465 /* EmotionListContents.swift in Sources */,
				E4F9D393283CC66E00759465 /* MainViewController.swift in Sources */,
				E4F9D3DA283E6F0000759465 /* R.generated.swift in Sources */,
				E4F9D3CF283DB3D600759465 /* EmotionTitleHeaderTableViewCell.swift in Sources */,
				E4F9D38F283CC66E00759465 /* AppDelegate.swift in Sources */,
				E4F9D3E4283E8AEC00759465 /* Screen.swift in Sources */,
				E4F9D3EC283F1D8D00759465 /* UIViewController+Rx.swift in Sources */,
				E4F9D3F2283F2C5F00759465 /* UINavigationController+Router.swift in Sources */,
				E4F9D391283CC66E00759465 /* SceneDelegate.swift in Sources */,
				E4F9D3F0283F2C0E00759465 /* UIAleartController+Additon.swift in Sources */,
				E4F9D3E2283E89BE00759465 /* EmotionType.swift in Sources */,
				E4F9D3DE283E7FE900759465 /* ListViewController.swift in Sources */,
				E4F9D3D3283DB41600759465 /* EmotionContentTableViewCell.swift in Sources */,
				E4F9D3D7283E6E2D00759465 /* PhotoCollectionViewCell.swift in Sources */,
				E4F9D3F4283F41CB00759465 /* ListViewModel.swift in Sources */,
				E4F9D3DC283E7EE100759465 /* MainViewModel.swift in Sources */,
				E4F9D3EE283F29CB00759465 /* UIViewController+Router.swift in Sources */,
				E4F9D3E8283F083F00759465 /* PhotoItem.swift in Sources */,
			);
			runOnlyForDeploymentPostprocessing = 0;
		};
		E4F9D39D283CC66F00759465 /* Sources */ = {
			isa = PBXSourcesBuildPhase;
			buildActionMask = 2147483647;
			files = (
				E4F9D3A6283CC66F00759465 /* PhotoEmotionTests.swift in Sources */,
			);
			runOnlyForDeploymentPostprocessing = 0;
		};
		E4F9D3A7283CC66F00759465 /* Sources */ = {
			isa = PBXSourcesBuildPhase;
			buildActionMask = 2147483647;
			files = (
				E4F9D3B0283CC66F00759465 /* PhotoEmotionUITests.swift in Sources */,
				E4F9D3B2283CC66F00759465 /* PhotoEmotionUITestsLaunchTests.swift in Sources */,
			);
			runOnlyForDeploymentPostprocessing = 0;
		};
/* End PBXSourcesBuildPhase section */

/* Begin PBXTargetDependency section */
		E4F9D3A3283CC66F00759465 /* PBXTargetDependency */ = {
			isa = PBXTargetDependency;
			target = E4F9D38A283CC66E00759465 /* PhotoEmotion */;
			targetProxy = E4F9D3A2283CC66F00759465 /* PBXContainerItemProxy */;
		};
		E4F9D3AD283CC66F00759465 /* PBXTargetDependency */ = {
			isa = PBXTargetDependency;
			target = E4F9D38A283CC66E00759465 /* PhotoEmotion */;
			targetProxy = E4F9D3AC283CC66F00759465 /* PBXContainerItemProxy */;
		};
/* End PBXTargetDependency section */

/* Begin PBXVariantGroup section */
		E4F9D394283CC66E00759465 /* Main.storyboard */ = {
			isa = PBXVariantGroup;
			children = (
				E4F9D395283CC66E00759465 /* Base */,
			);
			name = Main.storyboard;
			sourceTree = "<group>";
		};
		E4F9D399283CC66F00759465 /* LaunchScreen.storyboard */ = {
			isa = PBXVariantGroup;
			children = (
				E4F9D39A283CC66F00759465 /* Base */,
			);
			name = LaunchScreen.storyboard;
			sourceTree = "<group>";
		};
/* End PBXVariantGroup section */

/* Begin XCBuildConfiguration section */
		E4F9D3B3283CC66F00759465 /* Debug */ = {
			isa = XCBuildConfiguration;
			buildSettings = {
				ALWAYS_SEARCH_USER_PATHS = NO;
				CLANG_ANALYZER_NONNULL = YES;
				CLANG_ANALYZER_NUMBER_OBJECT_CONVERSION = YES_AGGRESSIVE;
				CLANG_CXX_LANGUAGE_STANDARD = "gnu++17";
				CLANG_ENABLE_MODULES = YES;
				CLANG_ENABLE_OBJC_ARC = YES;
				CLANG_ENABLE_OBJC_WEAK = YES;
				CLANG_WARN_BLOCK_CAPTURE_AUTORELEASING = YES;
				CLANG_WARN_BOOL_CONVERSION = YES;
				CLANG_WARN_COMMA = YES;
				CLANG_WARN_CONSTANT_CONVERSION = YES;
				CLANG_WARN_DEPRECATED_OBJC_IMPLEMENTATIONS = YES;
				CLANG_WARN_DIRECT_OBJC_ISA_USAGE = YES_ERROR;
				CLANG_WARN_DOCUMENTATION_COMMENTS = YES;
				CLANG_WARN_EMPTY_BODY = YES;
				CLANG_WARN_ENUM_CONVERSION = YES;
				CLANG_WARN_INFINITE_RECURSION = YES;
				CLANG_WARN_INT_CONVERSION = YES;
				CLANG_WARN_NON_LITERAL_NULL_CONVERSION = YES;
				CLANG_WARN_OBJC_IMPLICIT_RETAIN_SELF = YES;
				CLANG_WARN_OBJC_LITERAL_CONVERSION = YES;
				CLANG_WARN_OBJC_ROOT_CLASS = YES_ERROR;
				CLANG_WARN_QUOTED_INCLUDE_IN_FRAMEWORK_HEADER = YES;
				CLANG_WARN_RANGE_LOOP_ANALYSIS = YES;
				CLANG_WARN_STRICT_PROTOTYPES = YES;
				CLANG_WARN_SUSPICIOUS_MOVE = YES;
				CLANG_WARN_UNGUARDED_AVAILABILITY = YES_AGGRESSIVE;
				CLANG_WARN_UNREACHABLE_CODE = YES;
				CLANG_WARN__DUPLICATE_METHOD_MATCH = YES;
				COPY_PHASE_STRIP = NO;
				DEBUG_INFORMATION_FORMAT = dwarf;
				ENABLE_STRICT_OBJC_MSGSEND = YES;
				ENABLE_TESTABILITY = YES;
				GCC_C_LANGUAGE_STANDARD = gnu11;
				GCC_DYNAMIC_NO_PIC = NO;
				GCC_NO_COMMON_BLOCKS = YES;
				GCC_OPTIMIZATION_LEVEL = 0;
				GCC_PREPROCESSOR_DEFINITIONS = (
					"DEBUG=1",
					"$(inherited)",
				);
				GCC_WARN_64_TO_32_BIT_CONVERSION = YES;
				GCC_WARN_ABOUT_RETURN_TYPE = YES_ERROR;
				GCC_WARN_UNDECLARED_SELECTOR = YES;
				GCC_WARN_UNINITIALIZED_AUTOS = YES_AGGRESSIVE;
				GCC_WARN_UNUSED_FUNCTION = YES;
				GCC_WARN_UNUSED_VARIABLE = YES;
				IPHONEOS_DEPLOYMENT_TARGET = 15.4;
				MTL_ENABLE_DEBUG_INFO = INCLUDE_SOURCE;
				MTL_FAST_MATH = YES;
				ONLY_ACTIVE_ARCH = YES;
				SDKROOT = iphoneos;
				SWIFT_ACTIVE_COMPILATION_CONDITIONS = DEBUG;
				SWIFT_OPTIMIZATION_LEVEL = "-Onone";
			};
			name = Debug;
		};
		E4F9D3B4283CC66F00759465 /* Release */ = {
			isa = XCBuildConfiguration;
			buildSettings = {
				ALWAYS_SEARCH_USER_PATHS = NO;
				CLANG_ANALYZER_NONNULL = YES;
				CLANG_ANALYZER_NUMBER_OBJECT_CONVERSION = YES_AGGRESSIVE;
				CLANG_CXX_LANGUAGE_STANDARD = "gnu++17";
				CLANG_ENABLE_MODULES = YES;
				CLANG_ENABLE_OBJC_ARC = YES;
				CLANG_ENABLE_OBJC_WEAK = YES;
				CLANG_WARN_BLOCK_CAPTURE_AUTORELEASING = YES;
				CLANG_WARN_BOOL_CONVERSION = YES;
				CLANG_WARN_COMMA = YES;
				CLANG_WARN_CONSTANT_CONVERSION = YES;
				CLANG_WARN_DEPRECATED_OBJC_IMPLEMENTATIONS = YES;
				CLANG_WARN_DIRECT_OBJC_ISA_USAGE = YES_ERROR;
				CLANG_WARN_DOCUMENTATION_COMMENTS = YES;
				CLANG_WARN_EMPTY_BODY = YES;
				CLANG_WARN_ENUM_CONVERSION = YES;
				CLANG_WARN_INFINITE_RECURSION = YES;
				CLANG_WARN_INT_CONVERSION = YES;
				CLANG_WARN_NON_LITERAL_NULL_CONVERSION = YES;
				CLANG_WARN_OBJC_IMPLICIT_RETAIN_SELF = YES;
				CLANG_WARN_OBJC_LITERAL_CONVERSION = YES;
				CLANG_WARN_OBJC_ROOT_CLASS = YES_ERROR;
				CLANG_WARN_QUOTED_INCLUDE_IN_FRAMEWORK_HEADER = YES;
				CLANG_WARN_RANGE_LOOP_ANALYSIS = YES;
				CLANG_WARN_STRICT_PROTOTYPES = YES;
				CLANG_WARN_SUSPICIOUS_MOVE = YES;
				CLANG_WARN_UNGUARDED_AVAILABILITY = YES_AGGRESSIVE;
				CLANG_WARN_UNREACHABLE_CODE = YES;
				CLANG_WARN__DUPLICATE_METHOD_MATCH = YES;
				COPY_PHASE_STRIP = NO;
				DEBUG_INFORMATION_FORMAT = "dwarf-with-dsym";
				ENABLE_NS_ASSERTIONS = NO;
				ENABLE_STRICT_OBJC_MSGSEND = YES;
				GCC_C_LANGUAGE_STANDARD = gnu11;
				GCC_NO_COMMON_BLOCKS = YES;
				GCC_WARN_64_TO_32_BIT_CONVERSION = YES;
				GCC_WARN_ABOUT_RETURN_TYPE = YES_ERROR;
				GCC_WARN_UNDECLARED_SELECTOR = YES;
				GCC_WARN_UNINITIALIZED_AUTOS = YES_AGGRESSIVE;
				GCC_WARN_UNUSED_FUNCTION = YES;
				GCC_WARN_UNUSED_VARIABLE = YES;
				IPHONEOS_DEPLOYMENT_TARGET = 15.4;
				MTL_ENABLE_DEBUG_INFO = NO;
				MTL_FAST_MATH = YES;
				SDKROOT = iphoneos;
				SWIFT_COMPILATION_MODE = wholemodule;
				SWIFT_OPTIMIZATION_LEVEL = "-O";
				VALIDATE_PRODUCT = YES;
			};
			name = Release;
		};
		E4F9D3B6283CC66F00759465 /* Debug */ = {
			isa = XCBuildConfiguration;
			baseConfigurationReference = A86985DF495612B13109C0AD /* Pods-PhotoEmotion.debug.xcconfig */;
			buildSettings = {
				ASSETCATALOG_COMPILER_APPICON_NAME = AppIcon;
				ASSETCATALOG_COMPILER_GLOBAL_ACCENT_COLOR_NAME = AccentColor;
				CODE_SIGN_STYLE = Automatic;
				CURRENT_PROJECT_VERSION = 1;
				DEVELOPMENT_TEAM = VKV3Y2GW5Q;
				GENERATE_INFOPLIST_FILE = YES;
				INFOPLIST_FILE = PhotoEmotion/Info.plist;
				INFOPLIST_KEY_UIApplicationSupportsIndirectInputEvents = YES;
				INFOPLIST_KEY_UILaunchStoryboardName = LaunchScreen;
				INFOPLIST_KEY_UIMainStoryboardFile = MainViewController;
				INFOPLIST_KEY_UISupportedInterfaceOrientations_iPad = "UIInterfaceOrientationPortrait UIInterfaceOrientationPortraitUpsideDown UIInterfaceOrientationLandscapeLeft UIInterfaceOrientationLandscapeRight";
				INFOPLIST_KEY_UISupportedInterfaceOrientations_iPhone = "UIInterfaceOrientationPortrait UIInterfaceOrientationLandscapeLeft UIInterfaceOrientationLandscapeRight";
				LD_RUNPATH_SEARCH_PATHS = (
					"$(inherited)",
					"@executable_path/Frameworks",
				);
				MARKETING_VERSION = 1.0;
				PRODUCT_BUNDLE_IDENTIFIER = com.yoshitaka.PhotoEmotion;
				PRODUCT_NAME = "$(TARGET_NAME)";
				SWIFT_EMIT_LOC_STRINGS = YES;
				SWIFT_VERSION = 5.0;
				TARGETED_DEVICE_FAMILY = "1,2";
			};
			name = Debug;
		};
		E4F9D3B7283CC66F00759465 /* Release */ = {
			isa = XCBuildConfiguration;
			baseConfigurationReference = 890417B34C86A8B7CD125F7B /* Pods-PhotoEmotion.release.xcconfig */;
			buildSettings = {
				ASSETCATALOG_COMPILER_APPICON_NAME = AppIcon;
				ASSETCATALOG_COMPILER_GLOBAL_ACCENT_COLOR_NAME = AccentColor;
				CODE_SIGN_STYLE = Automatic;
				CURRENT_PROJECT_VERSION = 1;
				DEVELOPMENT_TEAM = VKV3Y2GW5Q;
				GENERATE_INFOPLIST_FILE = YES;
				INFOPLIST_FILE = PhotoEmotion/Info.plist;
				INFOPLIST_KEY_UIApplicationSupportsIndirectInputEvents = YES;
				INFOPLIST_KEY_UILaunchStoryboardName = LaunchScreen;
				INFOPLIST_KEY_UIMainStoryboardFile = MainViewController;
				INFOPLIST_KEY_UISupportedInterfaceOrientations_iPad = "UIInterfaceOrientationPortrait UIInterfaceOrientationPortraitUpsideDown UIInterfaceOrientationLandscapeLeft UIInterfaceOrientationLandscapeRight";
				INFOPLIST_KEY_UISupportedInterfaceOrientations_iPhone = "UIInterfaceOrientationPortrait UIInterfaceOrientationLandscapeLeft UIInterfaceOrientationLandscapeRight";
				LD_RUNPATH_SEARCH_PATHS = (
					"$(inherited)",
					"@executable_path/Frameworks",
				);
				MARKETING_VERSION = 1.0;
				PRODUCT_BUNDLE_IDENTIFIER = com.yoshitaka.PhotoEmotion;
				PRODUCT_NAME = "$(TARGET_NAME)";
				SWIFT_EMIT_LOC_STRINGS = YES;
				SWIFT_VERSION = 5.0;
				TARGETED_DEVICE_FAMILY = "1,2";
			};
			name = Release;
		};
		E4F9D3B9283CC66F00759465 /* Debug */ = {
			isa = XCBuildConfiguration;
			baseConfigurationReference = 3F6107EABCA367877F271545 /* Pods-PhotoEmotionTests.debug.xcconfig */;
			buildSettings = {
				ALWAYS_EMBED_SWIFT_STANDARD_LIBRARIES = YES;
				BUNDLE_LOADER = "$(TEST_HOST)";
				CODE_SIGN_STYLE = Automatic;
				CURRENT_PROJECT_VERSION = 1;
				DEVELOPMENT_TEAM = VKV3Y2GW5Q;
				GENERATE_INFOPLIST_FILE = YES;
				IPHONEOS_DEPLOYMENT_TARGET = 15.4;
				MARKETING_VERSION = 1.0;
				PRODUCT_BUNDLE_IDENTIFIER = com.yoshitaka.PhotoEmotionTests;
				PRODUCT_NAME = "$(TARGET_NAME)";
				SWIFT_EMIT_LOC_STRINGS = NO;
				SWIFT_VERSION = 5.0;
				TARGETED_DEVICE_FAMILY = "1,2";
				TEST_HOST = "$(BUILT_PRODUCTS_DIR)/PhotoEmotion.app/PhotoEmotion";
			};
			name = Debug;
		};
		E4F9D3BA283CC66F00759465 /* Release */ = {
			isa = XCBuildConfiguration;
			baseConfigurationReference = 490DBA5C5FD6854DDADE8832 /* Pods-PhotoEmotionTests.release.xcconfig */;
			buildSettings = {
				ALWAYS_EMBED_SWIFT_STANDARD_LIBRARIES = YES;
				BUNDLE_LOADER = "$(TEST_HOST)";
				CODE_SIGN_STYLE = Automatic;
				CURRENT_PROJECT_VERSION = 1;
				DEVELOPMENT_TEAM = VKV3Y2GW5Q;
				GENERATE_INFOPLIST_FILE = YES;
				IPHONEOS_DEPLOYMENT_TARGET = 15.4;
				MARKETING_VERSION = 1.0;
				PRODUCT_BUNDLE_IDENTIFIER = com.yoshitaka.PhotoEmotionTests;
				PRODUCT_NAME = "$(TARGET_NAME)";
				SWIFT_EMIT_LOC_STRINGS = NO;
				SWIFT_VERSION = 5.0;
				TARGETED_DEVICE_FAMILY = "1,2";
				TEST_HOST = "$(BUILT_PRODUCTS_DIR)/PhotoEmotion.app/PhotoEmotion";
			};
			name = Release;
		};
		E4F9D3BC283CC66F00759465 /* Debug */ = {
			isa = XCBuildConfiguration;
			baseConfigurationReference = 8C5E05517C3ED4B43A9D1B68 /* Pods-PhotoEmotion-PhotoEmotionUITests.debug.xcconfig */;
			buildSettings = {
				ALWAYS_EMBED_SWIFT_STANDARD_LIBRARIES = YES;
				CODE_SIGN_STYLE = Automatic;
				CURRENT_PROJECT_VERSION = 1;
				DEVELOPMENT_TEAM = VKV3Y2GW5Q;
				GENERATE_INFOPLIST_FILE = YES;
				MARKETING_VERSION = 1.0;
				PRODUCT_BUNDLE_IDENTIFIER = com.yoshitaka.PhotoEmotionUITests;
				PRODUCT_NAME = "$(TARGET_NAME)";
				SWIFT_EMIT_LOC_STRINGS = NO;
				SWIFT_VERSION = 5.0;
				TARGETED_DEVICE_FAMILY = "1,2";
				TEST_TARGET_NAME = PhotoEmotion;
			};
			name = Debug;
		};
		E4F9D3BD283CC66F00759465 /* Release */ = {
			isa = XCBuildConfiguration;
			baseConfigurationReference = 0B3EA45D7CD8C075291BF9BA /* Pods-PhotoEmotion-PhotoEmotionUITests.release.xcconfig */;
			buildSettings = {
				ALWAYS_EMBED_SWIFT_STANDARD_LIBRARIES = YES;
				CODE_SIGN_STYLE = Automatic;
				CURRENT_PROJECT_VERSION = 1;
				DEVELOPMENT_TEAM = VKV3Y2GW5Q;
				GENERATE_INFOPLIST_FILE = YES;
				MARKETING_VERSION = 1.0;
				PRODUCT_BUNDLE_IDENTIFIER = com.yoshitaka.PhotoEmotionUITests;
				PRODUCT_NAME = "$(TARGET_NAME)";
				SWIFT_EMIT_LOC_STRINGS = NO;
				SWIFT_VERSION = 5.0;
				TARGETED_DEVICE_FAMILY = "1,2";
				TEST_TARGET_NAME = PhotoEmotion;
			};
			name = Release;
		};
/* End XCBuildConfiguration section */

/* Begin XCConfigurationList section */
		E4F9D386283CC66E00759465 /* Build configuration list for PBXProject "PhotoEmotion" */ = {
			isa = XCConfigurationList;
			buildConfigurations = (
				E4F9D3B3283CC66F00759465 /* Debug */,
				E4F9D3B4283CC66F00759465 /* Release */,
			);
			defaultConfigurationIsVisible = 0;
			defaultConfigurationName = Release;
		};
		E4F9D3B5283CC66F00759465 /* Build configuration list for PBXNativeTarget "PhotoEmotion" */ = {
			isa = XCConfigurationList;
			buildConfigurations = (
				E4F9D3B6283CC66F00759465 /* Debug */,
				E4F9D3B7283CC66F00759465 /* Release */,
			);
			defaultConfigurationIsVisible = 0;
			defaultConfigurationName = Release;
		};
		E4F9D3B8283CC66F00759465 /* Build configuration list for PBXNativeTarget "PhotoEmotionTests" */ = {
			isa = XCConfigurationList;
			buildConfigurations = (
				E4F9D3B9283CC66F00759465 /* Debug */,
				E4F9D3BA283CC66F00759465 /* Release */,
			);
			defaultConfigurationIsVisible = 0;
			defaultConfigurationName = Release;
		};
		E4F9D3BB283CC66F00759465 /* Build configuration list for PBXNativeTarget "PhotoEmotionUITests" */ = {
			isa = XCConfigurationList;
			buildConfigurations = (
				E4F9D3BC283CC66F00759465 /* Debug */,
				E4F9D3BD283CC66F00759465 /* Release */,
			);
			defaultConfigurationIsVisible = 0;
			defaultConfigurationName = Release;
		};
/* End XCConfigurationList section */
	};
	rootObject = E4F9D383283CC66E00759465 /* Project object */;
}
